
Microsoft Visual Studio Solution File, Format Version 12.00
# Visual Studio Version 17
VisualStudioVersion = 17.1.32228.430
MinimumVisualStudioVersion = 10.0.40219.1
Project("{FAE04EC0-301F-11D3-BF4B-00C04F79EFBC}") = "QuanLyQuanCafe", "QuanLyQuanCafe\QuanLyQuanCafe.csproj", "{53D91766-626C-4A1D-9037-518F08998441}"
EndProject
Global
	GlobalSection(SolutionConfigurationPlatforms) = preSolution
		Debug|Any CPU = Debug|Any CPU
		Release|Any CPU = Release|Any CPU
	EndGlobalSection
	GlobalSection(ProjectConfigurationPlatforms) = postSolution
		{53D91766-626C-4A1D-9037-518F08998441}.Debug|Any CPU.ActiveCfg = Debug|Any CPU
		{53D91766-626C-4A1D-9037-518F08998441}.Debug|Any CPU.Build.0 = Debug|Any CPU
		{53D91766-626C-4A1D-9037-518F08998441}.Release|Any CPU.ActiveCfg = Release|Any CPU
		{53D91766-626C-4A1D-9037-518F08998441}.Release|Any CPU.Build.0 = Release|Any CPU
	EndGlobalSection
	GlobalSection(SolutionProperties) = preSolution
		HideSolutionNode = FALSE
	EndGlobalSection
	GlobalSection(ExtensibilityGlobals) = postSolution
		SolutionGuid = {7CC29FD6-703D-40CB-9365-902CC32AC6DE}
	EndGlobalSection
EndGlobal
